
Microsoft Visual Studio Solution File, Format Version 12.00
# Visual Studio Version 17
VisualStudioVersion = 17.13.35931.197 d17.13
MinimumVisualStudioVersion = 10.0.40219.1
Project("{FAE04EC0-301F-11D3-BF4B-00C04F79EFBC}") = "QrCoder", "QrCoder\QrCoder.csproj", "{15EC0C26-7EC1-4222-8D18-D1CBDF587BF4}"
EndProject
Global
	GlobalSection(SolutionConfigurationPlatforms) = preSolution
		Debug|Any CPU = Debug|Any CPU
		Release|Any CPU = Release|Any CPU
	EndGlobalSection
	GlobalSection(ProjectConfigurationPlatforms) = postSolution
		{15EC0C26-7EC1-4222-8D18-D1CBDF587BF4}.Debug|Any CPU.ActiveCfg = Debug|Any CPU
		{15EC0C26-7EC1-4222-8D18-D1CBDF587BF4}.Debug|Any CPU.Build.0 = Debug|Any CPU
		{15EC0C26-7EC1-4222-8D18-D1CBDF587BF4}.Release|Any CPU.ActiveCfg = Release|Any CPU
		{15EC0C26-7EC1-4222-8D18-D1CBDF587BF4}.Release|Any CPU.Build.0 = Release|Any CPU
	EndGlobalSection
	GlobalSection(SolutionProperties) = preSolution
		HideSolutionNode = FALSE
	EndGlobalSection
	GlobalSection(ExtensibilityGlobals) = postSolution
		SolutionGuid = {8E5AE314-9521-48E3-A18E-E9EF051B3144}
	EndGlobalSection
EndGlobal
